{
  "name": "mafo-car-landing",
  "version": "1.0.0",
  "lockfileVersion": 3,
  "requires": true,
  "packages": {
    "": {
      "name": "mafo-car-landing",
      "version": "1.0.0",
      "dependencies": {
        "stripe": "^23.0.0"
      },
      "engines": {
        "node": ">=18"
      }
    },
    "node_modules/stripe": {
      "version": "23.0.0",
      "resolved": "https://registry.npmjs.org/stripe/-/stripe-23.0.0.tgz",
      "integrity": "sha512-MDE2A5ZVVluYURORaZEVghSmnLJc3w6aHAlZSxDQMsOjOb3V0O6ro/CiaeFlJS4N7uIVmsg98ocRsPmUK6YfyA==",
      "license": "MIT",
      "engines": {
        "node": ">=20"
      },
      "peerDependencies": {
        "@types/node": ">=20"
      },
      "peerDependenciesMeta": {
        "@types/node": {
          "optional": true
        }
      }
    }
  }
}
